Microsoft Visual Studio Solution File, Format Version 12.00
# Visual Studio 15
VisualStudioVersion = 15.0.27130.2003
MinimumVisualStudioVersion = 10.0.40219.1
Project("{9A19103F-16F7-4668-BE54-9A1E7A4F7556}") = "CRC", "CRC\CRC.csproj", "{6C38612E-B45A-49EE-B7F3-E935FE2C144C}"
EndProject
Project("{E53339B2-1760-4266-BCC7-CA923CBCF16C}") = "docker-compose", "docker-compose.dcproj", "{4D7BA2BA-56FC-4253-85F1-8E08778FA05B}"
EndProject
Project("{9A19103F-16F7-4668-BE54-9A1E7A4F7556}") = "CRC.Services", "CRC.Services\CRC.Services.csproj", "{A88D0D59-CF41-47C1-90B1-D88D22CE12CE}"
EndProject
Project("{9A19103F-16F7-4668-BE54-9A1E7A4F7556}") = "CRC.Repository", "CRC.Repository\CRC.Repository.csproj", "{14F54AFF-F89D-49C6-B8C4-51CB14B0AA44}"
EndProject
Project("{9A19103F-16F7-4668-BE54-9A1E7A4F7556}") = "CRC.Services.Tests", "CRC.Services.Tests\CRC.Services.Tests.csproj", "{72EA41BB-D9D8-4A64-AF03-F1A5B8F42814}"
EndProject
Project("{FAE04EC0-301F-11D3-BF4B-00C04F79EFBC}") = "CRC.Services.Integration.Tests", "CRC.Services.Integration.Tests\CRC.Services.Integration.Tests.csproj", "{AA7F4E05-9BD2-4AC7-9A49-78BE0EB44088}"
EndProject
Global
	GlobalSection(SolutionConfigurationPlatforms) = preSolution
		Debug|Any CPU = Debug|Any CPU
		Release|Any CPU = Release|Any CPU
	EndGlobalSection
	GlobalSection(ProjectConfigurationPlatforms) = postSolution
		{6C38612E-B45A-49EE-B7F3-E935FE2C144C}.Debug|Any CPU.ActiveCfg = Debug|Any CPU
		{6C38612E-B45A-49EE-B7F3-E935FE2C144C}.Debug|Any CPU.Build.0 = Debug|Any CPU
		{6C38612E-B45A-49EE-B7F3-E935FE2C144C}.Release|Any CPU.ActiveCfg = Release|Any CPU
		{6C38612E-B45A-49EE-B7F3-E935FE2C144C}.Release|Any CPU.Build.0 = Release|Any CPU
		{4D7BA2BA-56FC-4253-85F1-8E08778FA05B}.Debug|Any CPU.ActiveCfg = Debug|Any CPU
		{4D7BA2BA-56FC-4253-85F1-8E08778FA05B}.Debug|Any CPU.Build.0 = Debug|Any CPU
		{4D7BA2BA-56FC-4253-85F1-8E08778FA05B}.Release|Any CPU.ActiveCfg = Release|Any CPU
		{4D7BA2BA-56FC-4253-85F1-8E08778FA05B}.Release|Any CPU.Build.0 = Release|Any CPU
		{A88D0D59-CF41-47C1-90B1-D88D22CE12CE}.Debug|Any CPU.ActiveCfg = Debug|Any CPU
		{A88D0D59-CF41-47C1-90B1-D88D22CE12CE}.Debug|Any CPU.Build.0 = Debug|Any CPU
		{A88D0D59-CF41-47C1-90B1-D88D22CE12CE}.Release|Any CPU.ActiveCfg = Release|Any CPU
		{A88D0D59-CF41-47C1-90B1-D88D22CE12CE}.Release|Any CPU.Build.0 = Release|Any CPU
		{14F54AFF-F89D-49C6-B8C4-51CB14B0AA44}.Debug|Any CPU.ActiveCfg = Debug|Any CPU
		{14F54AFF-F89D-49C6-B8C4-51CB14B0AA44}.Debug|Any CPU.Build.0 = Debug|Any CPU
		{14F54AFF-F89D-49C6-B8C4-51CB14B0AA44}.Release|Any CPU.ActiveCfg = Release|Any CPU
		{14F54AFF-F89D-49C6-B8C4-51CB14B0AA44}.Release|Any CPU.Build.0 = Release|Any CPU
		{72EA41BB-D9D8-4A64-AF03-F1A5B8F42814}.Debug|Any CPU.ActiveCfg = Debug|Any CPU
		{72EA41BB-D9D8-4A64-AF03-F1A5B8F42814}.Debug|Any CPU.Build.0 = Debug|Any CPU
		{72EA41BB-D9D8-4A64-AF03-F1A5B8F42814}.Release|Any CPU.ActiveCfg = Release|Any CPU
		{72EA41BB-D9D8-4A64-AF03-F1A5B8F42814}.Release|Any CPU.Build.0 = Release|Any CPU
		{AA7F4E05-9BD2-4AC7-9A49-78BE0EB44088}.Debug|Any CPU.ActiveCfg = Debug|Any CPU
		{AA7F4E05-9BD2-4AC7-9A49-78BE0EB44088}.Debug|Any CPU.Build.0 = Debug|Any CPU
		{AA7F4E05-9BD2-4AC7-9A49-78BE0EB44088}.Release|Any CPU.ActiveCfg = Release|Any CPU
		{AA7F4E05-9BD2-4AC7-9A49-78BE0EB44088}.Release|Any CPU.Build.0 = Release|Any CPU
	EndGlobalSection
	GlobalSection(SolutionProperties) = preSolution
		HideSolutionNode = FALSE
	EndGlobalSection
	GlobalSection(ExtensibilityGlobals) = postSolution
		SolutionGuid = {669E84F5-4B78-46E3-A6E9-1BFDB60F18C5}
	EndGlobalSection
EndGlobal
